
Microsoft Visual Studio Solution File, Format Version 12.00
# Visual Studio Version 16
VisualStudioVersion = 16.0.33214.272
MinimumVisualStudioVersion = 10.0.40219.1
Project("{FAE04EC0-301F-11D3-BF4B-00C04F79EFBC}") = "booking a2", "booking a2\booking a2.csproj", "{EB4E3F95-7AA1-4FCA-9B54-FE19AE8A66E5}"
EndProject
Global
	GlobalSection(SolutionConfigurationPlatforms) = preSolution
		Debug|Any CPU = Debug|Any CPU
		Release|Any CPU = Release|Any CPU
	EndGlobalSection
	GlobalSection(ProjectConfigurationPlatforms) = postSolution
		{EB4E3F95-7AA1-4FCA-9B54-FE19AE8A66E5}.Debug|Any CPU.ActiveCfg = Debug|Any CPU
		{EB4E3F95-7AA1-4FCA-9B54-FE19AE8A66E5}.Debug|Any CPU.Build.0 = Debug|Any CPU
		{EB4E3F95-7AA1-4FCA-9B54-FE19AE8A66E5}.Release|Any CPU.ActiveCfg = Release|Any CPU
		{EB4E3F95-7AA1-4FCA-9B54-FE19AE8A66E5}.Release|Any CPU.Build.0 = Release|Any CPU
	EndGlobalSection
	GlobalSection(SolutionProperties) = preSolution
		HideSolutionNode = FALSE
	EndGlobalSection
	GlobalSection(ExtensibilityGlobals) = postSolution
		SolutionGuid = {D8DD3D77-F57E-4192-B8D9-02430756190B}
	EndGlobalSection
EndGlobal
